
Microsoft Visual Studio Solution File, Format Version 12.00
# Visual Studio Version 17
VisualStudioVersion = 17.9.34622.214
MinimumVisualStudioVersion = 10.0.40219.1
Project("{FAE04EC0-301F-11D3-BF4B-00C04F79EFBC}") = "SIREMA", "SIREMA.csproj", "{F783330D-6FBC-4827-8C04-128AF2C991FE}"
EndProject
Global
	GlobalSection(SolutionConfigurationPlatforms) = preSolution
		Debug|Any CPU = Debug|Any CPU
		Release|Any CPU = Release|Any CPU
	EndGlobalSection
	GlobalSection(ProjectConfigurationPlatforms) = postSolution
		{F783330D-6FBC-4827-8C04-128AF2C991FE}.Debug|Any CPU.ActiveCfg = Debug|Any CPU
		{F783330D-6FBC-4827-8C04-128AF2C991FE}.Debug|Any CPU.Build.0 = Debug|Any CPU
		{F783330D-6FBC-4827-8C04-128AF2C991FE}.Release|Any CPU.ActiveCfg = Release|Any CPU
		{F783330D-6FBC-4827-8C04-128AF2C991FE}.Release|Any CPU.Build.0 = Release|Any CPU
	EndGlobalSection
	GlobalSection(SolutionProperties) = preSolution
		HideSolutionNode = FALSE
	EndGlobalSection
	GlobalSection(ExtensibilityGlobals) = postSolution
		SolutionGuid = {813B430D-A02D-455B-A27C-9F2028B3C776}
	EndGlobalSection
EndGlobal
